
Microsoft Visual Studio Solution File, Format Version 12.00
# Visual Studio 2012
Project("{FAE04EC0-301F-11D3-BF4B-00C04F79EFBC}") = "sql.builder.templates", "sql.builder.templates.csproj", "{4CC46868-2DE0-4FF4-900B-046974845314}"
EndProject
Global
	GlobalSection(SolutionConfigurationPlatforms) = preSolution
		Debug|x86 = Debug|x86
	EndGlobalSection
	GlobalSection(ProjectConfigurationPlatforms) = postSolution
		{4CC46868-2DE0-4FF4-900B-046974845314}.Debug|x86.ActiveCfg = Debug|x86
		{4CC46868-2DE0-4FF4-900B-046974845314}.Debug|x86.Build.0 = Debug|x86
	EndGlobalSection
	GlobalSection(SolutionProperties) = preSolution
		HideSolutionNode = FALSE
	EndGlobalSection
EndGlobal
